
Microsoft Visual Studio Solution File, Format Version 12.00
# Visual Studio 15
VisualStudioVersion = 15.0.27130.2024
MinimumVisualStudioVersion = 10.0.40219.1
Project("{FAE04EC0-301F-11D3-BF4B-00C04F79EFBC}") = "FilesTest", "FilesTest\FilesTest.csproj", "{90D4E9FD-F831-4B05-A413-339C14D60CA7}"
EndProject
Global
	GlobalSection(SolutionConfigurationPlatforms) = preSolution
		Debug|Any CPU = Debug|Any CPU
		Release|Any CPU = Release|Any CPU
	EndGlobalSection
	GlobalSection(ProjectConfigurationPlatforms) = postSolution
		{90D4E9FD-F831-4B05-A413-339C14D60CA7}.Debug|Any CPU.ActiveCfg = Debug|Any CPU
		{90D4E9FD-F831-4B05-A413-339C14D60CA7}.Debug|Any CPU.Build.0 = Debug|Any CPU
		{90D4E9FD-F831-4B05-A413-339C14D60CA7}.Release|Any CPU.ActiveCfg = Release|Any CPU
		{90D4E9FD-F831-4B05-A413-339C14D60CA7}.Release|Any CPU.Build.0 = Release|Any CPU
	EndGlobalSection
	GlobalSection(SolutionProperties) = preSolution
		HideSolutionNode = FALSE
	EndGlobalSection
	GlobalSection(ExtensibilityGlobals) = postSolution
		SolutionGuid = {EDE4FCB6-7227-4015-9F53-9A1944BD4B1C}
	EndGlobalSection
EndGlobal
